
Microsoft Visual Studio Solution File, Format Version 12.00
# Visual Studio Version 17
VisualStudioVersion = 17.5.33516.290
MinimumVisualStudioVersion = 10.0.40219.1
Project("{888888A0-9F3D-457C-B088-3A5042F75D52}") = "SpeakingChatBotAI", "SpeakingChatBotAI.pyproj", "{291F8E25-F2AD-4103-A7D1-F5057E99283B}"
EndProject
Global
	GlobalSection(SolutionConfigurationPlatforms) = preSolution
		Debug|Any CPU = Debug|Any CPU
		Release|Any CPU = Release|Any CPU
	EndGlobalSection
	GlobalSection(ProjectConfigurationPlatforms) = postSolution
		{291F8E25-F2AD-4103-A7D1-F5057E99283B}.Debug|Any CPU.ActiveCfg = Debug|Any CPU
		{291F8E25-F2AD-4103-A7D1-F5057E99283B}.Release|Any CPU.ActiveCfg = Release|Any CPU
	EndGlobalSection
	GlobalSection(SolutionProperties) = preSolution
		HideSolutionNode = FALSE
	EndGlobalSection
	GlobalSection(ExtensibilityGlobals) = postSolution
		SolutionGuid = {187F9E2A-6D11-4966-90F6-1453CF3542B9}
	EndGlobalSection
EndGlobal
